// !$*UTF8*$!
{
	archiveVersion = 1;
	classes = {
	};
	objectVersion = 46;
	objects = {

/* Begin PBXBuildFile section */
		2528D4311F53C0B900C72E2B /* SyntheticalTitleBarView.m in Sources */ = {isa = PBXBuildFile; fileRef = 2528D4301F53C0B900C72E2B /* SyntheticalTitleBarView.m */; };
		2528D4341F53C13E00C72E2B /* TitleBarView.m in Sources */ = {isa = PBXBuildFile; fileRef = 2528D4331F53C13E00C72E2B /* TitleBarView.m */; };
		2528D4361F53C4DB00C72E2B /* subMenuItems.plist in Resources */ = {isa = PBXBuildFile; fileRef = 2528D4351F53C4DB00C72E2B /* subMenuItems.plist */; };
		2528D43C1F53C55D00C72E2B /* Utils.m in Sources */ = {isa = PBXBuildFile; fileRef = 2528D43B1F53C55D00C72E2B /* Utils.m */; };
		2528D43F1F53C59D00C72E2B /* OSCMenuItem.m in Sources */ = {isa = PBXBuildFile; fileRef = 2528D43E1F53C59D00C72E2B /* OSCMenuItem.m */; };
		2528D4421F53C73F00C72E2B /* OSCModelHandler.m in Sources */ = {isa = PBXBuildFile; fileRef = 2528D4411F53C73F00C72E2B /* OSCModelHandler.m */; };
		2528D4451F53CAFF00C72E2B /* OSCPropertyCollection.m in Sources */ = {isa = PBXBuildFile; fileRef = 2528D4441F53CAFF00C72E2B /* OSCPropertyCollection.m */; };
		2528D4481F53CB1000C72E2B /* OSCPropertyCollectionCell.m in Sources */ = {isa = PBXBuildFile; fileRef = 2528D4471F53CB1000C72E2B /* OSCPropertyCollectionCell.m */; };
		2558B4B21E81155800BFE567 /* main.m in Sources */ = {isa = PBXBuildFile; fileRef = 2558B4B11E81155800BFE567 /* main.m */; };
		2558B4B51E81155800BFE567 /* AppDelegate.m in Sources */ = {isa = PBXBuildFile; fileRef = 2558B4B41E81155800BFE567 /* AppDelegate.m */; };
		2558B4B81E81155800BFE567 /* ViewController.m in Sources */ = {isa = PBXBuildFile; fileRef = 2558B4B71E81155800BFE567 /* ViewController.m */; };
		2558B4BB1E81155800BFE567 /* Main.storyboard in Resources */ = {isa = PBXBuildFile; fileRef = 2558B4B91E81155800BFE567 /* Main.storyboard */; };
		2558B4BD1E81155900BFE567 /* Assets.xcassets in Resources */ = {isa = PBXBuildFile; fileRef = 2558B4BC1E81155900BFE567 /* Assets.xcassets */; };
		2558B4C01E81155900BFE567 /* LaunchScreen.storyboard in Resources */ = {isa = PBXBuildFile; fileRef = 2558B4BE1E81155900BFE567 /* LaunchScreen.storyboard */; };
		2558B4CB1E81155900BFE567 /* YCDemoTests.m in Sources */ = {isa = PBXBuildFile; fileRef = 2558B4CA1E81155900BFE567 /* YCDemoTests.m */; };
		2558B4D61E81155900BFE567 /* YCDemoUITests.m in Sources */ = {isa = PBXBuildFile; fileRef = 2558B4D51E81155900BFE567 /* YCDemoUITests.m */; };
		258256451F6930E5004B4FCB /* TextView.m in Sources */ = {isa = PBXBuildFile; fileRef = 258256441F6930E5004B4FCB /* TextView.m */; };
		25A0B18C1F15C12A0019AA0C /* Text.m in Sources */ = {isa = PBXBuildFile; fileRef = 25A0B18B1F15C12A0019AA0C /* Text.m */; };
		25E7DFB41F551D2500A59556 /* DJInformationListCollectionViewController.m in Sources */ = {isa = PBXBuildFile; fileRef = 25E7DFB31F551D2500A59556 /* DJInformationListCollectionViewController.m */; };
		5EB478EA55DAB187E5B941D6 /* libPods-YCDemo.a in Frameworks */ = {isa = PBXBuildFile; fileRef = EDCE3024EE0CFEC8F18DAA95 /* libPods-YCDemo.a */; };
/* End PBXBuildFile section */

/* Begin PBXContainerItemProxy section */
		2558B4C71E81155900BFE567 /* PBXContainerItemProxy */ = {
			isa = PBXContainerItemProxy;
			containerPortal = 2558B4A51E81155800BFE567 /* Project object */;
			proxyType = 1;
			remoteGlobalIDString = 2558B4AC1E81155800BFE567;
			remoteInfo = YCDemo;
		};
		2558B4D21E81155900BFE567 /* PBXContainerItemProxy */ = {
			isa = PBXContainerItemProxy;
			containerPortal = 2558B4A51E81155800BFE567 /* Project object */;
			proxyType = 1;
			remoteGlobalIDString = 2558B4AC1E81155800BFE567;
			remoteInfo = YCDemo;
		};
/* End PBXContainerItemProxy section */

/* Begin PBXFileReference section */
		2528D42F1F53C0B900C72E2B /* SyntheticalTitleBarView.h */ = {isa = PBXFileReference; fileEncoding = 4; lastKnownFileType = sourcecode.c.h; path = SyntheticalTitleBarView.h; sourceTree = "<group>"; };
		2528D4301F53C0B900C72E2B /* SyntheticalTitleBarView.m */ = {isa = PBXFileReference; fileEncoding = 4; lastKnownFileType = sourcecode.c.objc; path = SyntheticalTitleBarView.m; sourceTree = "<group>"; };
		2528D4321F53C13E00C72E2B /* TitleBarView.h */ = {isa = PBXFileReference; fileEncoding = 4; lastKnownFileType = sourcecode.c.h; path = TitleBarView.h; sourceTree = "<group>"; };
		2528D4331F53C13E00C72E2B /* TitleBarView.m */ = {isa = PBXFileReference; fileEncoding = 4; lastKnownFileType = sourcecode.c.objc; path = TitleBarView.m; sourceTree = "<group>"; };
		2528D4351F53C4DB00C72E2B /* subMenuItems.plist */ = {isa = PBXFileReference; fileEncoding = 4; lastKnownFileType = text.plist.xml; path = subMenuItems.plist; sourceTree = "<group>"; };
		2528D43A1F53C55D00C72E2B /* Utils.h */ = {isa = PBXFileReference; fileEncoding = 4; lastKnownFileType = sourcecode.c.h; path = Utils.h; sourceTree = "<group>"; };
		2528D43B1F53C55D00C72E2B /* Utils.m */ = {isa = PBXFileReference; fileEncoding = 4; lastKnownFileType = sourcecode.c.objc; path = Utils.m; sourceTree = "<group>"; };
		2528D43D1F53C59D00C72E2B /* OSCMenuItem.h */ = {isa = PBXFileReference; fileEncoding = 4; lastKnownFileType = sourcecode.c.h; path = OSCMenuItem.h; sourceTree = "<group>"; };
		2528D43E1F53C59D00C72E2B /* OSCMenuItem.m */ = {isa = PBXFileReference; fileEncoding = 4; lastKnownFileType = sourcecode.c.objc; path = OSCMenuItem.m; sourceTree = "<group>"; };
		2528D4401F53C73F00C72E2B /* OSCModelHandler.h */ = {isa = PBXFileReference; fileEncoding = 4; lastKnownFileType = sourcecode.c.h; path = OSCModelHandler.h; sourceTree = "<group>"; };
		2528D4411F53C73F00C72E2B /* OSCModelHandler.m */ = {isa = PBXFileReference; fileEncoding = 4; lastKnownFileType = sourcecode.c.objc; path = OSCModelHandler.m; sourceTree = "<group>"; };
		2528D4431F53CAFF00C72E2B /* OSCPropertyCollection.h */ = {isa = PBXFileReference; fileEncoding = 4; lastKnownFileType = sourcecode.c.h; path = OSCPropertyCollection.h; sourceTree = "<group>"; };
		2528D4441F53CAFF00C72E2B /* OSCPropertyCollection.m */ = {isa = PBXFileReference; fileEncoding = 4; lastKnownFileType = sourcecode.c.objc; path = OSCPropertyCollection.m; sourceTree = "<group>"; };
		2528D4461F53CB1000C72E2B /* OSCPropertyCollectionCell.h */ = {isa = PBXFileReference; fileEncoding = 4; lastKnownFileType = sourcecode.c.h; path = OSCPropertyCollectionCell.h; sourceTree = "<group>"; };
		2528D4471F53CB1000C72E2B /* OSCPropertyCollectionCell.m */ = {isa = PBXFileReference; fileEncoding = 4; lastKnownFileType = sourcecode.c.objc; path = OSCPropertyCollectionCell.m; sourceTree = "<group>"; };
		2558B4AD1E81155800BFE567 /* YCDemo.app */ = {isa = PBXFileReference; explicitFileType = wrapper.application; includeInIndex = 0; path = YCDemo.app; sourceTree = BUILT_PRODUCTS_DIR; };
		2558B4B11E81155800BFE567 /* main.m */ = {isa = PBXFileReference; lastKnownFileType = sourcecode.c.objc; path = main.m; sourceTree = "<group>"; };
		2558B4B31E81155800BFE567 /* AppDelegate.h */ = {isa = PBXFileReference; lastKnownFileType = sourcecode.c.h; path = AppDelegate.h; sourceTree = "<group>"; };
		2558B4B41E81155800BFE567 /* AppDelegate.m */ = {isa = PBXFileReference; lastKnownFileType = sourcecode.c.objc; path = AppDelegate.m; sourceTree = "<group>"; };
		2558B4B61E81155800BFE567 /* ViewController.h */ = {isa = PBXFileReference; lastKnownFileType = sourcecode.c.h; path = ViewController.h; sourceTree = "<group>"; };
		2558B4B71E81155800BFE567 /* ViewController.m */ = {isa = PBXFileReference; lastKnownFileType = sourcecode.c.objc; path = ViewController.m; sourceTree = "<group>"; };
		2558B4BA1E81155800BFE567 /* Base */ = {isa = PBXFileReference; lastKnownFileType = file.storyboard; name = Base; path = Base.lproj/Main.storyboard; sourceTree = "<group>"; };
		2558B4BC1E81155900BFE567 /* Assets.xcassets */ = {isa = PBXFileReference; lastKnownFileType = folder.assetcatalog; path = Assets.xcassets; sourceTree = "<group>"; };
		2558B4BF1E81155900BFE567 /* Base */ = {isa = PBXFileReference; lastKnownFileType = file.storyboard; name = Base; path = Base.lproj/LaunchScreen.storyboard; sourceTree = "<group>"; };
		2558B4C11E81155900BFE567 /* Info.plist */ = {isa = PBXFileReference; lastKnownFileType = text.plist.xml; path = Info.plist; sourceTree = "<group>"; };
		2558B4C61E81155900BFE567 /* YCDemoTests.xctest */ = {isa = PBXFileReference; explicitFileType = wrapper.cfbundle; includeInIndex = 0; path = YCDemoTests.xctest; sourceTree = BUILT_PRODUCTS_DIR; };
		2558B4CA1E81155900BFE567 /* YCDemoTests.m */ = {isa = PBXFileReference; lastKnownFileType = sourcecode.c.objc; path = YCDemoTests.m; sourceTree = "<group>"; };
		2558B4CC1E81155900BFE567 /* Info.plist */ = {isa = PBXFileReference; lastKnownFileType = text.plist.xml; path = Info.plist; sourceTree = "<group>"; };
		2558B4D11E81155900BFE567 /* YCDemoUITests.xctest */ = {isa = PBXFileReference; explicitFileType = wrapper.cfbundle; includeInIndex = 0; path = YCDemoUITests.xctest; sourceTree = BUILT_PRODUCTS_DIR; };
		2558B4D51E81155900BFE567 /* YCDemoUITests.m */ = {isa = PBXFileReference; lastKnownFileType = sourcecode.c.objc; path = YCDemoUITests.m; sourceTree = "<group>"; };
		2558B4D71E81155900BFE567 /* Info.plist */ = {isa = PBXFileReference; lastKnownFileType = text.plist.xml; path = Info.plist; sourceTree = "<group>"; };
		258256431F6930E5004B4FCB /* TextView.h */ = {isa = PBXFileReference; fileEncoding = 4; lastKnownFileType = sourcecode.c.h; path = TextView.h; sourceTree = "<group>"; };
		258256441F6930E5004B4FCB /* TextView.m */ = {isa = PBXFileReference; fileEncoding = 4; lastKnownFileType = sourcecode.c.objc; path = TextView.m; sourceTree = "<group>"; };
		25A0B18A1F15C12A0019AA0C /* Text.h */ = {isa = PBXFileReference; fileEncoding = 4; lastKnownFileType = sourcecode.c.h; path = Text.h; sourceTree = "<group>"; };
		25A0B18B1F15C12A0019AA0C /* Text.m */ = {isa = PBXFileReference; fileEncoding = 4; lastKnownFileType = sourcecode.c.objc; path = Text.m; sourceTree = "<group>"; };
		25D1BFC71F614C5F007FF81C /* Inceptionv3.mlmodel */ = {isa = PBXFileReference; lastKnownFileType = file; path = Inceptionv3.mlmodel; sourceTree = "<group>"; };
		25E7DFB21F551D2500A59556 /* DJInformationListCollectionViewController.h */ = {isa = PBXFileReference; fileEncoding = 4; lastKnownFileType = sourcecode.c.h; path = DJInformationListCollectionViewController.h; sourceTree = "<group>"; };
		25E7DFB31F551D2500A59556 /* DJInformationListCollectionViewController.m */ = {isa = PBXFileReference; fileEncoding = 4; lastKnownFileType = sourcecode.c.objc; path = DJInformationListCollectionViewController.m; sourceTree = "<group>"; };
		45A5484FC021F5C4E8C94E2D /* Pods-YCDemo.release.xcconfig */ = {isa = PBXFileReference; includeInIndex = 1; lastKnownFileType = text.xcconfig; name = "Pods-YCDemo.release.xcconfig"; path = "Pods/Target Support Files/Pods-YCDemo/Pods-YCDemo.release.xcconfig"; sourceTree = "<group>"; };
		D8FF6E56B5DE2FFD91B9677F /* Pods-YCDemo.debug.xcconfig */ = {isa = PBXFileReference; includeInIndex = 1; lastKnownFileType = text.xcconfig; name = "Pods-YCDemo.debug.xcconfig"; path = "Pods/Target Support Files/Pods-YCDemo/Pods-YCDemo.debug.xcconfig"; sourceTree = "<group>"; };
		EDCE3024EE0CFEC8F18DAA95 /* libPods-YCDemo.a */ = {isa = PBXFileReference; explicitFileType = archive.ar; includeInIndex = 0; path = "libPods-YCDemo.a"; sourceTree = BUILT_PRODUCTS_DIR; };
/* End PBXFileReference section */

/* Begin PBXFrameworksBuildPhase section */
		2558B4AA1E81155800BFE567 /* Frameworks */ = {
			isa = PBXFrameworksBuildPhase;
			buildActionMask = 2147483647;
			files = (
				5EB478EA55DAB187E5B941D6 /* libPods-YCDemo.a in Frameworks */,
			);
			runOnlyForDeploymentPostprocessing = 0;
		};
		2558B4C31E81155900BFE567 /* Frameworks */ = {
			isa = PBXFrameworksBuildPhase;
			buildActionMask = 2147483647;
			files = (
			);
			runOnlyForDeploymentPostprocessing = 0;
		};
		2558B4CE1E81155900BFE567 /* Frameworks */ = {
			isa = PBXFrameworksBuildPhase;
			buildActionMask = 2147483647;
			files = (
			);
			runOnlyForDeploymentPostprocessing = 0;
		};
/* End PBXFrameworksBuildPhase section */

/* Begin PBXGroup section */
		2558B4A41E81155800BFE567 = {
			isa = PBXGroup;
			children = (
				2558B4AF1E81155800BFE567 /* YCDemo */,
				2558B4C91E81155900BFE567 /* YCDemoTests */,
				2558B4D41E81155900BFE567 /* YCDemoUITests */,
				2558B4AE1E81155800BFE567 /* Products */,
				A94399CB3BC10EC0E0BAA89A /* Pods */,
				E2745EEA7181B504EF44A03E /* Frameworks */,
			);
			sourceTree = "<group>";
		};
		2558B4AE1E81155800BFE567 /* Products */ = {
			isa = PBXGroup;
			children = (
				2558B4AD1E81155800BFE567 /* YCDemo.app */,
				2558B4C61E81155900BFE567 /* YCDemoTests.xctest */,
				2558B4D11E81155900BFE567 /* YCDemoUITests.xctest */,
			);
			name = Products;
			sourceTree = "<group>";
		};
		2558B4AF1E81155800BFE567 /* YCDemo */ = {
			isa = PBXGroup;
			children = (
				258256421F6930D0004B4FCB /* BusinessDiandu */,
				2558B4B31E81155800BFE567 /* AppDelegate.h */,
				2558B4B41E81155800BFE567 /* AppDelegate.m */,
				2558B4B61E81155800BFE567 /* ViewController.h */,
				2558B4B71E81155800BFE567 /* ViewController.m */,
				2528D4431F53CAFF00C72E2B /* OSCPropertyCollection.h */,
				2528D4441F53CAFF00C72E2B /* OSCPropertyCollection.m */,
				2528D4461F53CB1000C72E2B /* OSCPropertyCollectionCell.h */,
				2528D4471F53CB1000C72E2B /* OSCPropertyCollectionCell.m */,
				2528D42F1F53C0B900C72E2B /* SyntheticalTitleBarView.h */,
				2528D4301F53C0B900C72E2B /* SyntheticalTitleBarView.m */,
				2528D4321F53C13E00C72E2B /* TitleBarView.h */,
				2528D4331F53C13E00C72E2B /* TitleBarView.m */,
				2528D43D1F53C59D00C72E2B /* OSCMenuItem.h */,
				2528D43E1F53C59D00C72E2B /* OSCMenuItem.m */,
				2528D4401F53C73F00C72E2B /* OSCModelHandler.h */,
				2528D4411F53C73F00C72E2B /* OSCModelHandler.m */,
				2528D43A1F53C55D00C72E2B /* Utils.h */,
				2528D43B1F53C55D00C72E2B /* Utils.m */,
				25E7DFB21F551D2500A59556 /* DJInformationListCollectionViewController.h */,
				25E7DFB31F551D2500A59556 /* DJInformationListCollectionViewController.m */,
				2528D4351F53C4DB00C72E2B /* subMenuItems.plist */,
				25A0B18A1F15C12A0019AA0C /* Text.h */,
				25A0B18B1F15C12A0019AA0C /* Text.m */,
				25D1BFC71F614C5F007FF81C /* Inceptionv3.mlmodel */,
				2558B4B91E81155800BFE567 /* Main.storyboard */,
				2558B4BC1E81155900BFE567 /* Assets.xcassets */,
				2558B4BE1E81155900BFE567 /* LaunchScreen.storyboard */,
				2558B4C11E81155900BFE567 /* Info.plist */,
				2558B4B01E81155800BFE567 /* Supporting Files */,
			);
			path = YCDemo;
			sourceTree = "<group>";
		};
		2558B4B01E81155800BFE567 /* Supporting Files */ = {
			isa = PBXGroup;
			children = (
				2558B4B11E81155800BFE567 /* main.m */,
			);
			name = "Supporting Files";
			sourceTree = "<group>";
		};
		2558B4C91E81155900BFE567 /* YCDemoTests */ = {
			isa = PBXGroup;
			children = (
				2558B4CA1E81155900BFE567 /* YCDemoTests.m */,
				2558B4CC1E81155900BFE567 /* Info.plist */,
			);
			path = YCDemoTests;
			sourceTree = "<group>";
		};
		2558B4D41E81155900BFE567 /* YCDemoUITests */ = {
			isa = PBXGroup;
			children = (
				2558B4D51E81155900BFE567 /* YCDemoUITests.m */,
				2558B4D71E81155900BFE567 /* Info.plist */,
			);
			path = YCDemoUITests;
			sourceTree = "<group>";
		};
		258256421F6930D0004B4FCB /* BusinessDiandu */ = {
			isa = PBXGroup;
			children = (
				258256431F6930E5004B4FCB /* TextView.h */,
				258256441F6930E5004B4FCB /* TextView.m */,
			);
			name = BusinessDiandu;
			path = ../../../../../BusinessDiandu;
			sourceTree = "<group>";
		};
		A94399CB3BC10EC0E0BAA89A /* Pods */ = {
			isa = PBXGroup;
			children = (
				D8FF6E56B5DE2FFD91B9677F /* Pods-YCDemo.debug.xcconfig */,
				45A5484FC021F5C4E8C94E2D /* Pods-YCDemo.release.xcconfig */,
			);
			name = Pods;
			sourceTree = "<group>";
		};
		E2745EEA7181B504EF44A03E /* Frameworks */ = {
			isa = PBXGroup;
			children = (
				EDCE3024EE0CFEC8F18DAA95 /* libPods-YCDemo.a */,
			);
			name = Frameworks;
			sourceTree = "<group>";
		};
/* End PBXGroup section */

/* Begin PBXNativeTarget section */
		2558B4AC1E81155800BFE567 /* YCDemo */ = {
			isa = PBXNativeTarget;
			buildConfigurationList = 2558B4DA1E81155900BFE567 /* Build configuration list for PBXNativeTarget "YCDemo" */;
			buildPhases = (
				B754D1E1AA04D5921F4B4B34 /* [CP] Check Pods Manifest.lock */,
				2558B4A91E81155800BFE567 /* Sources */,
				2558B4AA1E81155800BFE567 /* Frameworks */,
				2558B4AB1E81155800BFE567 /* Resources */,
				05D8CC675A2B67DA0EE2F87F /* [CP] Embed Pods Frameworks */,
				B3C47B95D14EC0049D737AE3 /* [CP] Copy Pods Resources */,
			);
			buildRules = (
			);
			dependencies = (
			);
			name = YCDemo;
			productName = YCDemo;
			productReference = 2558B4AD1E81155800BFE567 /* YCDemo.app */;
			productType = "com.apple.product-type.application";
		};
		2558B4C51E81155900BFE567 /* YCDemoTests */ = {
			isa = PBXNativeTarget;
			buildConfigurationList = 2558B4DD1E81155900BFE567 /* Build configuration list for PBXNativeTarget "YCDemoTests" */;
			buildPhases = (
				2558B4C21E81155900BFE567 /* Sources */,
				2558B4C31E81155900BFE567 /* Frameworks */,
				2558B4C41E81155900BFE567 /* Resources */,
			);
			buildRules = (
			);
			dependencies = (
				2558B4C81E81155900BFE567 /* PBXTargetDependency */,
			);
			name = YCDemoTests;
			productName = YCDemoTests;
			productReference = 2558B4C61E81155900BFE567 /* YCDemoTests.xctest */;
			productType = "com.apple.product-type.bundle.unit-test";
		};
		2558B4D01E81155900BFE567 /* YCDemoUITests */ = {
			isa = PBXNativeTarget;
			buildConfigurationList = 2558B4E01E81155900BFE567 /* Build configuration list for PBXNativeTarget "YCDemoUITests" */;
			buildPhases = (
				2558B4CD1E81155900BFE567 /* Sources */,
				2558B4CE1E81155900BFE567 /* Frameworks */,
				2558B4CF1E81155900BFE567 /* Resources */,
			);
			buildRules = (
			);
			dependencies = (
				2558B4D31E81155900BFE567 /* PBXTargetDependency */,
			);
			name = YCDemoUITests;
			productName = YCDemoUITests;
			productReference = 2558B4D11E81155900BFE567 /* YCDemoUITests.xctest */;
			productType = "com.apple.product-type.bundle.ui-testing";
		};
/* End PBXNativeTarget section */

/* Begin PBXProject section */
		2558B4A51E81155800BFE567 /* Project object */ = {
			isa = PBXProject;
			attributes = {
				LastUpgradeCheck = 0820;
				ORGANIZATIONNAME = "YueChao An";
				TargetAttributes = {
					2558B4AC1E81155800BFE567 = {
						CreatedOnToolsVersion = 8.2.1;
						DevelopmentTeam = D6NH4X2WX7;
						ProvisioningStyle = Automatic;
					};
					2558B4C51E81155900BFE567 = {
						CreatedOnToolsVersion = 8.2.1;
						ProvisioningStyle = Automatic;
						TestTargetID = 2558B4AC1E81155800BFE567;
					};
					2558B4D01E81155900BFE567 = {
						CreatedOnToolsVersion = 8.2.1;
						ProvisioningStyle = Automatic;
						TestTargetID = 2558B4AC1E81155800BFE567;
					};
				};
			};
			buildConfigurationList = 2558B4A81E81155800BFE567 /* Build configuration list for PBXProject "YCDemo" */;
			compatibilityVersion = "Xcode 3.2";
			developmentRegion = English;
			hasScannedForEncodings = 0;
			knownRegions = (
				en,
				Base,
			);
			mainGroup = 2558B4A41E81155800BFE567;
			productRefGroup = 2558B4AE1E81155800BFE567 /* Products */;
			projectDirPath = "";
			projectRoot = "";
			targets = (
				2558B4AC1E81155800BFE567 /* YCDemo */,
				2558B4C51E81155900BFE567 /* YCDemoTests */,
				2558B4D01E81155900BFE567 /* YCDemoUITests */,
			);
		};
/* End PBXProject section */

/* Begin PBXResourcesBuildPhase section */
		2558B4AB1E81155800BFE567 /* Resources */ = {
			isa = PBXResourcesBuildPhase;
			buildActionMask = 2147483647;
			files = (
				2558B4C01E81155900BFE567 /* LaunchScreen.storyboard in Resources */,
				2528D4361F53C4DB00C72E2B /* subMenuItems.plist in Resources */,
				2558B4BD1E81155900BFE567 /* Assets.xcassets in Resources */,
				2558B4BB1E81155800BFE567 /* Main.storyboard in Resources */,
			);
			runOnlyForDeploymentPostprocessing = 0;
		};
		2558B4C41E81155900BFE567 /* Resources */ = {
			isa = PBXResourcesBuildPhase;
			buildActionMask = 2147483647;
			files = (
			);
			runOnlyForDeploymentPostprocessing = 0;
		};
		2558B4CF1E81155900BFE567 /* Resources */ = {
			isa = PBXResourcesBuildPhase;
			buildActionMask = 2147483647;
			files = (
			);
			runOnlyForDeploymentPostprocessing = 0;
		};
/* End PBXResourcesBuildPhase section */

/* Begin PBXShellScriptBuildPhase section */
		05D8CC675A2B67DA0EE2F87F /* [CP] Embed Pods Frameworks */ = {
			isa = PBXShellScriptBuildPhase;
			buildActionMask = 2147483647;
			files = (
			);
			inputPaths = (
			);
			name = "[CP] Embed Pods Frameworks";
			outputPaths = (
			);
			runOnlyForDeploymentPostprocessing = 0;
			shellPath = /bin/sh;
			shellScript = "\"${SRCROOT}/Pods/Target Support Files/Pods-YCDemo/Pods-YCDemo-frameworks.sh\"\n";
			showEnvVarsInLog = 0;
		};
		B3C47B95D14EC0049D737AE3 /* [CP] Copy Pods Resources */ = {
			isa = PBXShellScriptBuildPhase;
			buildActionMask = 2147483647;
			files = (
			);
			inputPaths = (
			);
			name = "[CP] Copy Pods Resources";
			outputPaths = (
			);
			runOnlyForDeploymentPostprocessing = 0;
			shellPath = /bin/sh;
			shellScript = "\"${SRCROOT}/Pods/Target Support Files/Pods-YCDemo/Pods-YCDemo-resources.sh\"\n";
			showEnvVarsInLog = 0;
		};
		B754D1E1AA04D5921F4B4B34 /* [CP] Check Pods Manifest.lock */ = {
			isa = PBXShellScriptBuildPhase;
			buildActionMask = 2147483647;
			files = (
			);
			inputPaths = (
			);
			name = "[CP] Check Pods Manifest.lock";
			outputPaths = (
			);
			runOnlyForDeploymentPostprocessing = 0;
			shellPath = /bin/sh;
			shellScript = "diff \"${PODS_ROOT}/../Podfile.lock\" \"${PODS_ROOT}/Manifest.lock\" > /dev/null\nif [ $? != 0 ] ; then\n    # print error to STDERR\n    echo \"error: The sandbox is not in sync with the Podfile.lock. Run 'pod install' or update your CocoaPods installation.\" >&2\n    exit 1\nfi\n";
			showEnvVarsInLog = 0;
		};
/* End PBXShellScriptBuildPhase section */

/* Begin PBXSourcesBuildPhase section */
		2558B4A91E81155800BFE567 /* Sources */ = {
			isa = PBXSourcesBuildPhase;
			buildActionMask = 2147483647;
			files = (
				2528D4481F53CB1000C72E2B /* OSCPropertyCollectionCell.m in Sources */,
				25E7DFB41F551D2500A59556 /* DJInformationListCollectionViewController.m in Sources */,
				2528D4421F53C73F00C72E2B /* OSCModelHandler.m in Sources */,
				2558B4B81E81155800BFE567 /* ViewController.m in Sources */,
				2528D43F1F53C59D00C72E2B /* OSCMenuItem.m in Sources */,
				2558B4B51E81155800BFE567 /* AppDelegate.m in Sources */,
				2528D4311F53C0B900C72E2B /* SyntheticalTitleBarView.m in Sources */,
				2528D43C1F53C55D00C72E2B /* Utils.m in Sources */,
				2528D4341F53C13E00C72E2B /* TitleBarView.m in Sources */,
				258256451F6930E5004B4FCB /* TextView.m in Sources */,
				25A0B18C1F15C12A0019AA0C /* Text.m in Sources */,
				2528D4451F53CAFF00C72E2B /* OSCPropertyCollection.m in Sources */,
				2558B4B21E81155800BFE567 /* main.m in Sources */,
			);
			runOnlyForDeploymentPostprocessing = 0;
		};
		2558B4C21E81155900BFE567 /* Sources */ = {
			isa = PBXSourcesBuildPhase;
			buildActionMask = 2147483647;
			files = (
				2558B4CB1E81155900BFE567 /* YCDemoTests.m in Sources */,
			);
			runOnlyForDeploymentPostprocessing = 0;
		};
		2558B4CD1E81155900BFE567 /* Sources */ = {
			isa = PBXSourcesBuildPhase;
			buildActionMask = 2147483647;
			files = (
				2558B4D61E81155900BFE567 /* YCDemoUITests.m in Sources */,
			);
			runOnlyForDeploymentPostprocessing = 0;
		};
/* End PBXSourcesBuildPhase section */

/* Begin PBXTargetDependency section */
		2558B4C81E81155900BFE567 /* PBXTargetDependency */ = {
			isa = PBXTargetDependency;
			target = 2558B4AC1E81155800BFE567 /* YCDemo */;
			targetProxy = 2558B4C71E81155900BFE567 /* PBXContainerItemProxy */;
		};
		2558B4D31E81155900BFE567 /* PBXTargetDependency */ = {
			isa = PBXTargetDependency;
			target = 2558B4AC1E81155800BFE567 /* YCDemo */;
			targetProxy = 2558B4D21E81155900BFE567 /* PBXContainerItemProxy */;
		};
/* End PBXTargetDependency section */

/* Begin PBXVariantGroup section */
		2558B4B91E81155800BFE567 /* Main.storyboard */ = {
			isa = PBXVariantGroup;
			children = (
				2558B4BA1E81155800BFE567 /* Base */,
			);
			name = Main.storyboard;
			sourceTree = "<group>";
		};
		2558B4BE1E81155900BFE567 /* LaunchScreen.storyboard */ = {
			isa = PBXVariantGroup;
			children = (
				2558B4BF1E81155900BFE567 /* Base */,
			);
			name = LaunchScreen.storyboard;
			sourceTree = "<group>";
		};
/* End PBXVariantGroup section */

/* Begin XCBuildConfiguration section */
		2558B4D81E81155900BFE567 /* Debug */ = {
			isa = XCBuildConfiguration;
			buildSettings = {
				ALWAYS_SEARCH_USER_PATHS = NO;
				CLANG_ANALYZER_NONNULL = YES;
				CLANG_CXX_LANGUAGE_STANDARD = "gnu++0x";
				CLANG_CXX_LIBRARY = "libc++";
				CLANG_ENABLE_MODULES = YES;
				CLANG_ENABLE_OBJC_ARC = YES;
				CLANG_WARN_BOOL_CONVERSION = YES;
				CLANG_WARN_CONSTANT_CONVERSION = YES;
				CLANG_WARN_DIRECT_OBJC_ISA_USAGE = YES_ERROR;
				CLANG_WARN_DOCUMENTATION_COMMENTS = YES;
				CLANG_WARN_EMPTY_BODY = YES;
				CLANG_WARN_ENUM_CONVERSION = YES;
				CLANG_WARN_INFINITE_RECURSION = YES;
				CLANG_WARN_INT_CONVERSION = YES;
				CLANG_WARN_OBJC_ROOT_CLASS = YES_ERROR;
				CLANG_WARN_SUSPICIOUS_MOVE = YES;
				CLANG_WARN_UNREACHABLE_CODE = YES;
				CLANG_WARN__DUPLICATE_METHOD_MATCH = YES;
				"CODE_SIGN_IDENTITY[sdk=iphoneos*]" = "iPhone Developer";
				COPY_PHASE_STRIP = NO;
				DEBUG_INFORMATION_FORMAT = dwarf;
				ENABLE_STRICT_OBJC_MSGSEND = YES;
				ENABLE_TESTABILITY = YES;
				GCC_C_LANGUAGE_STANDARD = gnu99;
				GCC_DYNAMIC_NO_PIC = NO;
				GCC_NO_COMMON_BLOCKS = YES;
				GCC_OPTIMIZATION_LEVEL = 0;
				GCC_PREPROCESSOR_DEFINITIONS = (
					"DEBUG=1",
					"$(inherited)",
				);
				GCC_WARN_64_TO_32_BIT_CONVERSION = YES;
				GCC_WARN_ABOUT_RETURN_TYPE = YES_ERROR;
				GCC_WARN_UNDECLARED_SELECTOR = YES;
				GCC_WARN_UNINITIALIZED_AUTOS = YES_AGGRESSIVE;
				GCC_WARN_UNUSED_FUNCTION = YES;
				GCC_WARN_UNUSED_VARIABLE = YES;
				IPHONEOS_DEPLOYMENT_TARGET = 10.2;
				MTL_ENABLE_DEBUG_INFO = YES;
				ONLY_ACTIVE_ARCH = YES;
				SDKROOT = iphoneos;
				TARGETED_DEVICE_FAMILY = "1,2";
			};
			name = Debug;
		};
		2558B4D91E81155900BFE567 /* Release */ = {
			isa = XCBuildConfiguration;
			buildSettings = {
				ALWAYS_SEARCH_USER_PATHS = NO;
				CLANG_ANALYZER_NONNULL = YES;
				CLANG_CXX_LANGUAGE_STANDARD = "gnu++0x";
				CLANG_CXX_LIBRARY = "libc++";
				CLANG_ENABLE_MODULES = YES;
				CLANG_ENABLE_OBJC_ARC = YES;
				CLANG_WARN_BOOL_CONVERSION = YES;
				CLANG_WARN_CONSTANT_CONVERSION = YES;
				CLANG_WARN_DIRECT_OBJC_ISA_USAGE = YES_ERROR;
				CLANG_WARN_DOCUMENTATION_COMMENTS = YES;
				CLANG_WARN_EMPTY_BODY = YES;
				CLANG_WARN_ENUM_CONVERSION = YES;
				CLANG_WARN_INFINITE_RECURSION = YES;
				CLANG_WARN_INT_CONVERSION = YES;
				CLANG_WARN_OBJC_ROOT_CLASS = YES_ERROR;
				CLANG_WARN_SUSPICIOUS_MOVE = YES;
				CLANG_WARN_UNREACHABLE_CODE = YES;
				CLANG_WARN__DUPLICATE_METHOD_MATCH = YES;
				"CODE_SIGN_IDENTITY[sdk=iphoneos*]" = "iPhone Developer";
				COPY_PHASE_STRIP = NO;
				DEBUG_INFORMATION_FORMAT = "dwarf-with-dsym";
				ENABLE_NS_ASSERTIONS = NO;
				ENABLE_STRICT_OBJC_MSGSEND = YES;
				GCC_C_LANGUAGE_STANDARD = gnu99;
				GCC_NO_COMMON_BLOCKS = YES;
				GCC_WARN_64_TO_32_BIT_CONVERSION = YES;
				GCC_WARN_ABOUT_RETURN_TYPE = YES_ERROR;
				GCC_WARN_UNDECLARED_SELECTOR = YES;
				GCC_WARN_UNINITIALIZED_AUTOS = YES_AGGRESSIVE;
				GCC_WARN_UNUSED_FUNCTION = YES;
				GCC_WARN_UNUSED_VARIABLE = YES;
				IPHONEOS_DEPLOYMENT_TARGET = 10.2;
				MTL_ENABLE_DEBUG_INFO = NO;
				SDKROOT = iphoneos;
				TARGETED_DEVICE_FAMILY = "1,2";
				VALIDATE_PRODUCT = YES;
			};
			name = Release;
		};
		2558B4DB1E81155900BFE567 /* Debug */ = {
			isa = XCBuildConfiguration;
			baseConfigurationReference = D8FF6E56B5DE2FFD91B9677F /* Pods-YCDemo.debug.xcconfig */;
			buildSettings = {
				ASSETCATALOG_COMPILER_APPICON_NAME = AppIcon;
				DEVELOPMENT_TEAM = D6NH4X2WX7;
				INFOPLIST_FILE = YCDemo/Info.plist;
				IPHONEOS_DEPLOYMENT_TARGET = 8.0;
				LD_RUNPATH_SEARCH_PATHS = "$(inherited) @executable_path/Frameworks";
				PRODUCT_BUNDLE_IDENTIFIER = DJnet.YCDemo;
				PRODUCT_NAME = "$(TARGET_NAME)";
			};
			name = Debug;
		};
		2558B4DC1E81155900BFE567 /* Release */ = {
			isa = XCBuildConfiguration;
			baseConfigurationReference = 45A5484FC021F5C4E8C94E2D /* Pods-YCDemo.release.xcconfig */;
			buildSettings = {
				ASSETCATALOG_COMPILER_APPICON_NAME = AppIcon;
				DEVELOPMENT_TEAM = D6NH4X2WX7;
				INFOPLIST_FILE = YCDemo/Info.plist;
				IPHONEOS_DEPLOYMENT_TARGET = 8.0;
				LD_RUNPATH_SEARCH_PATHS = "$(inherited) @executable_path/Frameworks";
				PRODUCT_BUNDLE_IDENTIFIER = DJnet.YCDemo;
				PRODUCT_NAME = "$(TARGET_NAME)";
			};
			name = Release;
		};
		2558B4DE1E81155900BFE567 /* Debug */ = {
			isa = XCBuildConfiguration;
			buildSettings = {
				BUNDLE_LOADER = "$(TEST_HOST)";
				INFOPLIST_FILE = YCDemoTests/Info.plist;
				LD_RUNPATH_SEARCH_PATHS = "$(inherited) @executable_path/Frameworks @loader_path/Frameworks";
				PRODUCT_BUNDLE_IDENTIFIER = DJnet.YCDemoTests;
				PRODUCT_NAME = "$(TARGET_NAME)";
				TEST_HOST = "$(BUILT_PRODUCTS_DIR)/YCDemo.app/YCDemo";
			};
			name = Debug;
		};
		2558B4DF1E81155900BFE567 /* Release */ = {
			isa = XCBuildConfiguration;
			buildSettings = {
				BUNDLE_LOADER = "$(TEST_HOST)";
				INFOPLIST_FILE = YCDemoTests/Info.plist;
				LD_RUNPATH_SEARCH_PATHS = "$(inherited) @executable_path/Frameworks @loader_path/Frameworks";
				PRODUCT_BUNDLE_IDENTIFIER = DJnet.YCDemoTests;
				PRODUCT_NAME = "$(TARGET_NAME)";
				TEST_HOST = "$(BUILT_PRODUCTS_DIR)/YCDemo.app/YCDemo";
			};
			name = Release;
		};
		2558B4E11E81155900BFE567 /* Debug */ = {
			isa = XCBuildConfiguration;
			buildSettings = {
				INFOPLIST_FILE = YCDemoUITests/Info.plist;
				LD_RUNPATH_SEARCH_PATHS = "$(inherited) @executable_path/Frameworks @loader_path/Frameworks";
				PRODUCT_BUNDLE_IDENTIFIER = DJnet.YCDemoUITests;
				PRODUCT_NAME = "$(TARGET_NAME)";
				TEST_TARGET_NAME = YCDemo;
			};
			name = Debug;
		};
		2558B4E21E81155900BFE567 /* Release */ = {
			isa = XCBuildConfiguration;
			buildSettings = {
				INFOPLIST_FILE = YCDemoUITests/Info.plist;
				LD_RUNPATH_SEARCH_PATHS = "$(inherited) @executable_path/Frameworks @loader_path/Frameworks";
				PRODUCT_BUNDLE_IDENTIFIER = DJnet.YCDemoUITests;
				PRODUCT_NAME = "$(TARGET_NAME)";
				TEST_TARGET_NAME = YCDemo;
			};
			name = Release;
		};
/* End XCBuildConfiguration section */

/* Begin XCConfigurationList section */
		2558B4A81E81155800BFE567 /* Build configuration list for PBXProject "YCDemo" */ = {
			isa = XCConfigurationList;
			buildConfigurations = (
				2558B4D81E81155900BFE567 /* Debug */,
				2558B4D91E81155900BFE567 /* Release */,
			);
			defaultConfigurationIsVisible = 0;
			defaultConfigurationName = Release;
		};
		2558B4DA1E81155900BFE567 /* Build configuration list for PBXNativeTarget "YCDemo" */ = {
			isa = XCConfigurationList;
			buildConfigurations = (
				2558B4DB1E81155900BFE567 /* Debug */,
				2558B4DC1E81155900BFE567 /* Release */,
			);
			defaultConfigurationIsVisible = 0;
			defaultConfigurationName = Release;
		};
		2558B4DD1E81155900BFE567 /* Build configuration list for PBXNativeTarget "YCDemoTests" */ = {
			isa = XCConfigurationList;
			buildConfigurations = (
				2558B4DE1E81155900BFE567 /* Debug */,
				2558B4DF1E81155900BFE567 /* Release */,
			);
			defaultConfigurationIsVisible = 0;
			defaultConfigurationName = Release;
		};
		2558B4E01E81155900BFE567 /* Build configuration list for PBXNativeTarget "YCDemoUITests" */ = {
			isa = XCConfigurationList;
			buildConfigurations = (
				2558B4E11E81155900BFE567 /* Debug */,
				2558B4E21E81155900BFE567 /* Release */,
			);
			defaultConfigurationIsVisible = 0;
			defaultConfigurationName = Release;
		};
/* End XCConfigurationList section */
	};
	rootObject = 2558B4A51E81155800BFE567 /* Project object */;
}
